
Microsoft Visual Studio Solution File, Format Version 12.00
# Visual Studio 15
VisualStudioVersion = 15.0.26730.16
MinimumVisualStudioVersion = 10.0.40219.1
Project("{FAE04EC0-301F-11D3-BF4B-00C04F79EFBC}") = "HelloWorld", "HelloWorld\HelloWorld.csproj", "{3E19A079-5419-4305-9FB4-CACA06F86942}"
EndProject
Project("{FAE04EC0-301F-11D3-BF4B-00C04F79EFBC}") = "PartialViews", "PartialViews\PartialViews.csproj", "{B515AE8D-EB41-406B-93E3-42BA90D07C66}"
EndProject
Project("{FAE04EC0-301F-11D3-BF4B-00C04F79EFBC}") = "SimpleValidation", "SimpleValidation\SimpleValidation.csproj", "{C6D27355-B52C-4A1A-A340-2028C93134B7}"
EndProject
Project("{FAE04EC0-301F-11D3-BF4B-00C04F79EFBC}") = "FluentValidationtryout", "FluentValidationtryout\FluentValidationtryout.csproj", "{BD5572AD-06AC-483C-9F46-0A29F17865EA}"
EndProject
Global
	GlobalSection(SolutionConfigurationPlatforms) = preSolution
		Debug|Any CPU = Debug|Any CPU
		Release|Any CPU = Release|Any CPU
	EndGlobalSection
	GlobalSection(ProjectConfigurationPlatforms) = postSolution
		{3E19A079-5419-4305-9FB4-CACA06F86942}.Debug|Any CPU.ActiveCfg = Debug|Any CPU
		{3E19A079-5419-4305-9FB4-CACA06F86942}.Debug|Any CPU.Build.0 = Debug|Any CPU
		{3E19A079-5419-4305-9FB4-CACA06F86942}.Release|Any CPU.ActiveCfg = Release|Any CPU
		{3E19A079-5419-4305-9FB4-CACA06F86942}.Release|Any CPU.Build.0 = Release|Any CPU
		{B515AE8D-EB41-406B-93E3-42BA90D07C66}.Debug|Any CPU.ActiveCfg = Debug|Any CPU
		{B515AE8D-EB41-406B-93E3-42BA90D07C66}.Debug|Any CPU.Build.0 = Debug|Any CPU
		{B515AE8D-EB41-406B-93E3-42BA90D07C66}.Release|Any CPU.ActiveCfg = Release|Any CPU
		{B515AE8D-EB41-406B-93E3-42BA90D07C66}.Release|Any CPU.Build.0 = Release|Any CPU
		{C6D27355-B52C-4A1A-A340-2028C93134B7}.Debug|Any CPU.ActiveCfg = Debug|Any CPU
		{C6D27355-B52C-4A1A-A340-2028C93134B7}.Debug|Any CPU.Build.0 = Debug|Any CPU
		{C6D27355-B52C-4A1A-A340-2028C93134B7}.Release|Any CPU.ActiveCfg = Release|Any CPU
		{C6D27355-B52C-4A1A-A340-2028C93134B7}.Release|Any CPU.Build.0 = Release|Any CPU
		{BD5572AD-06AC-483C-9F46-0A29F17865EA}.Debug|Any CPU.ActiveCfg = Debug|Any CPU
		{BD5572AD-06AC-483C-9F46-0A29F17865EA}.Debug|Any CPU.Build.0 = Debug|Any CPU
		{BD5572AD-06AC-483C-9F46-0A29F17865EA}.Release|Any CPU.ActiveCfg = Release|Any CPU
		{BD5572AD-06AC-483C-9F46-0A29F17865EA}.Release|Any CPU.Build.0 = Release|Any CPU
	EndGlobalSection
	GlobalSection(SolutionProperties) = preSolution
		HideSolutionNode = FALSE
	EndGlobalSection
	GlobalSection(ExtensibilityGlobals) = postSolution
		SolutionGuid = {47B4965E-419B-45D3-BD4C-FF2FC6A50BB4}
	EndGlobalSection
EndGlobal
